// !$*UTF8*$!
{
	archiveVersion = 1;
	classes = {
	};
	objectVersion = 55;
	objects = {

/* Begin PBXBuildFile section */
		7014A78027AC1F8B00E6A2DB /* User.swift in Sources */ = {isa = PBXBuildFile; fileRef = 7014A77F27AC1F8A00E6A2DB /* User.swift */; };
		7014A78627AC207100E6A2DB /* Transaction.swift in Sources */ = {isa = PBXBuildFile; fileRef = 7014A78527AC207100E6A2DB /* Transaction.swift */; };
		7036707527A72386005388A5 /* FirebaseMessaging in Frameworks */ = {isa = PBXBuildFile; productRef = 7036707427A72386005388A5 /* FirebaseMessaging */; };
		703DF427277F8F2100827FE8 /* Charts in Frameworks */ = {isa = PBXBuildFile; productRef = 703DF426277F8F2100827FE8 /* Charts */; };
		7058054A276893E4009515BE /* DesignableUITextField.swift in Sources */ = {isa = PBXBuildFile; fileRef = 70580549276893E4009515BE /* DesignableUITextField.swift */; };
		705B3DB2279869D50059D832 /* ProfileViewController.swift in Sources */ = {isa = PBXBuildFile; fileRef = 705B3DB1279869D50059D832 /* ProfileViewController.swift */; };
		705E7E5927BCFA8100FEA650 /* RemindersTableViewController.swift in Sources */ = {isa = PBXBuildFile; fileRef = 705E7E5827BCFA8100FEA650 /* RemindersTableViewController.swift */; };
		705E7E5B27BCFC7000FEA650 /* Reminder.swift in Sources */ = {isa = PBXBuildFile; fileRef = 705E7E5A27BCFC7000FEA650 /* Reminder.swift */; };
		705E8D3D27B3F013004F7395 /* Category.swift in Sources */ = {isa = PBXBuildFile; fileRef = 705E8D3C27B3F013004F7395 /* Category.swift */; };
		70607F70279D65DB005ED7F7 /* CurrencyTableViewController.swift in Sources */ = {isa = PBXBuildFile; fileRef = 70607F6F279D65DB005ED7F7 /* CurrencyTableViewController.swift */; };
		70607F7227A1EB80005ED7F7 /* PremiumViewController.swift in Sources */ = {isa = PBXBuildFile; fileRef = 70607F7127A1EB80005ED7F7 /* PremiumViewController.swift */; };
		70607F7527A2D576005ED7F7 /* TabBarController.swift in Sources */ = {isa = PBXBuildFile; fileRef = 70607F7427A2D576005ED7F7 /* TabBarController.swift */; };
		7068D90C278896B300DFA3B3 /* Utilities.swift in Sources */ = {isa = PBXBuildFile; fileRef = 7068D90B278896B300DFA3B3 /* Utilities.swift */; };
		7076B1ED277CB1DD005C83F9 /* HomeViewController.swift in Sources */ = {isa = PBXBuildFile; fileRef = 7076B1EC277CB1DD005C83F9 /* HomeViewController.swift */; };
		7076B1EF277CD92A005C83F9 /* TransactionViewController.swift in Sources */ = {isa = PBXBuildFile; fileRef = 7076B1EE277CD92A005C83F9 /* TransactionViewController.swift */; };
		707C813127BA799E00A6CF0B /* Request+SendViewController.swift in Sources */ = {isa = PBXBuildFile; fileRef = 707C813027BA799E00A6CF0B /* Request+SendViewController.swift */; };
		707F853D27AD55740053555B /* DelegatesCollection.swift in Sources */ = {isa = PBXBuildFile; fileRef = 707F853C27AD55740053555B /* DelegatesCollection.swift */; };
		707F854127AED1410053555B /* AuthManager.swift in Sources */ = {isa = PBXBuildFile; fileRef = 707F854027AED1410053555B /* AuthManager.swift */; };
		707F854327AED2010053555B /* DatabaseManager.swift in Sources */ = {isa = PBXBuildFile; fileRef = 707F854227AED2010053555B /* DatabaseManager.swift */; };
		7082B32D27B96D4E0083A169 /* FirebaseInstallations in Frameworks */ = {isa = PBXBuildFile; productRef = 7082B32C27B96D4E0083A169 /* FirebaseInstallations */; };
		7082B32F27B97A9D0083A169 /* PushNotificationSender.swift in Sources */ = {isa = PBXBuildFile; fileRef = 7082B32E27B97A9D0083A169 /* PushNotificationSender.swift */; };
		70835DA0277E438A0087C3D9 /* ViewControllerFactory.swift in Sources */ = {isa = PBXBuildFile; fileRef = 70835D9F277E438A0087C3D9 /* ViewControllerFactory.swift */; };
		708905A52764A317000CEE4E /* LoginViewController.swift in Sources */ = {isa = PBXBuildFile; fileRef = 708905A42764A317000CEE4E /* LoginViewController.swift */; };
		708FF39327A4456000151112 /* StoreKit.framework in Frameworks */ = {isa = PBXBuildFile; fileRef = 708FF39227A4456000151112 /* StoreKit.framework */; };
		7095718627888D1A00EB6EB3 /* Extensions.swift in Sources */ = {isa = PBXBuildFile; fileRef = 7095718527888D1A00EB6EB3 /* Extensions.swift */; };
		709638D627649777000C152D /* FirebaseAuth in Frameworks */ = {isa = PBXBuildFile; productRef = 709638D527649777000C152D /* FirebaseAuth */; };
		709638D827649777000C152D /* FirebaseDatabase in Frameworks */ = {isa = PBXBuildFile; productRef = 709638D727649777000C152D /* FirebaseDatabase */; };
		709638DA27649777000C152D /* FirebaseFirestore in Frameworks */ = {isa = PBXBuildFile; productRef = 709638D927649777000C152D /* FirebaseFirestore */; };
		709638DC27649777000C152D /* FirebaseFunctions in Frameworks */ = {isa = PBXBuildFile; productRef = 709638DB27649777000C152D /* FirebaseFunctions */; };
		709638DE27649777000C152D /* FirebaseStorage in Frameworks */ = {isa = PBXBuildFile; productRef = 709638DD27649777000C152D /* FirebaseStorage */; };
		709638E027649D2F000C152D /* BalanceViewController.swift in Sources */ = {isa = PBXBuildFile; fileRef = 709638DF27649D2F000C152D /* BalanceViewController.swift */; };
		70B3335F2763DDC7002FAEB5 /* RegisterViewController.swift in Sources */ = {isa = PBXBuildFile; fileRef = 70B3335E2763DDC7002FAEB5 /* RegisterViewController.swift */; };
		70B333612763E5A3002FAEB5 /* GoogleService-Info.plist in Resources */ = {isa = PBXBuildFile; fileRef = 70B333602763E5A2002FAEB5 /* GoogleService-Info.plist */; };
		70D37DF027633FB40067FFE6 /* AppDelegate.swift in Sources */ = {isa = PBXBuildFile; fileRef = 70D37DEF27633FB40067FFE6 /* AppDelegate.swift */; };
		70D37DF227633FB40067FFE6 /* SceneDelegate.swift in Sources */ = {isa = PBXBuildFile; fileRef = 70D37DF127633FB40067FFE6 /* SceneDelegate.swift */; };
		70D37DF427633FB40067FFE6 /* EntryViewController.swift in Sources */ = {isa = PBXBuildFile; fileRef = 70D37DF327633FB40067FFE6 /* EntryViewController.swift */; };
		70D37DF727633FB40067FFE6 /* Main.storyboard in Resources */ = {isa = PBXBuildFile; fileRef = 70D37DF527633FB40067FFE6 /* Main.storyboard */; };
		70D37DF927633FB50067FFE6 /* Assets.xcassets in Resources */ = {isa = PBXBuildFile; fileRef = 70D37DF827633FB50067FFE6 /* Assets.xcassets */; };
		70D37DFC27633FB50067FFE6 /* LaunchScreen.storyboard in Resources */ = {isa = PBXBuildFile; fileRef = 70D37DFA27633FB50067FFE6 /* LaunchScreen.storyboard */; };
		70DA8522279C21FC002A7335 /* Currency.swift in Sources */ = {isa = PBXBuildFile; fileRef = 70DA8521279C21FC002A7335 /* Currency.swift */; };
/* End PBXBuildFile section */

/* Begin PBXFileReference section */
		7014A77F27AC1F8A00E6A2DB /* User.swift */ = {isa = PBXFileReference; lastKnownFileType = sourcecode.swift; path = User.swift; sourceTree = "<group>"; };
		7014A78527AC207100E6A2DB /* Transaction.swift */ = {isa = PBXFileReference; lastKnownFileType = sourcecode.swift; path = Transaction.swift; sourceTree = "<group>"; };
		7036707627A7267E005388A5 /* FinancialTracker.entitlements */ = {isa = PBXFileReference; lastKnownFileType = text.plist.entitlements; path = FinancialTracker.entitlements; sourceTree = "<group>"; };
		70580549276893E4009515BE /* DesignableUITextField.swift */ = {isa = PBXFileReference; lastKnownFileType = sourcecode.swift; path = DesignableUITextField.swift; sourceTree = "<group>"; };
		705B3DB1279869D50059D832 /* ProfileViewController.swift */ = {isa = PBXFileReference; lastKnownFileType = sourcecode.swift; path = ProfileViewController.swift; sourceTree = "<group>"; };
		705E7E5827BCFA8100FEA650 /* RemindersTableViewController.swift */ = {isa = PBXFileReference; lastKnownFileType = sourcecode.swift; path = RemindersTableViewController.swift; sourceTree = "<group>"; };
		705E7E5A27BCFC7000FEA650 /* Reminder.swift */ = {isa = PBXFileReference; lastKnownFileType = sourcecode.swift; path = Reminder.swift; sourceTree = "<group>"; };
		705E8D3C27B3F013004F7395 /* Category.swift */ = {isa = PBXFileReference; lastKnownFileType = sourcecode.swift; path = Category.swift; sourceTree = "<group>"; };
		70607F6F279D65DB005ED7F7 /* CurrencyTableViewController.swift */ = {isa = PBXFileReference; lastKnownFileType = sourcecode.swift; path = CurrencyTableViewController.swift; sourceTree = "<group>"; };
		70607F7127A1EB80005ED7F7 /* PremiumViewController.swift */ = {isa = PBXFileReference; lastKnownFileType = sourcecode.swift; path = PremiumViewController.swift; sourceTree = "<group>"; };
		70607F7427A2D576005ED7F7 /* TabBarController.swift */ = {isa = PBXFileReference; lastKnownFileType = sourcecode.swift; path = TabBarController.swift; sourceTree = "<group>"; };
		7068D90B278896B300DFA3B3 /* Utilities.swift */ = {isa = PBXFileReference; lastKnownFileType = sourcecode.swift; path = Utilities.swift; sourceTree = "<group>"; };
		7076B1EC277CB1DD005C83F9 /* HomeViewController.swift */ = {isa = PBXFileReference; lastKnownFileType = sourcecode.swift; path = HomeViewController.swift; sourceTree = "<group>"; };
		7076B1EE277CD92A005C83F9 /* TransactionViewController.swift */ = {isa = PBXFileReference; lastKnownFileType = sourcecode.swift; path = TransactionViewController.swift; sourceTree = "<group>"; };
		707C813027BA799E00A6CF0B /* Request+SendViewController.swift */ = {isa = PBXFileReference; lastKnownFileType = sourcecode.swift; path = "Request+SendViewController.swift"; sourceTree = "<group>"; };
		707F853C27AD55740053555B /* DelegatesCollection.swift */ = {isa = PBXFileReference; lastKnownFileType = sourcecode.swift; path = DelegatesCollection.swift; sourceTree = "<group>"; };
		707F854027AED1410053555B /* AuthManager.swift */ = {isa = PBXFileReference; lastKnownFileType = sourcecode.swift; path = AuthManager.swift; sourceTree = "<group>"; };
		707F854227AED2010053555B /* DatabaseManager.swift */ = {isa = PBXFileReference; lastKnownFileType = sourcecode.swift; path = DatabaseManager.swift; sourceTree = "<group>"; };
		7082B32E27B97A9D0083A169 /* PushNotificationSender.swift */ = {isa = PBXFileReference; lastKnownFileType = sourcecode.swift; path = PushNotificationSender.swift; sourceTree = "<group>"; };
		70835D9F277E438A0087C3D9 /* ViewControllerFactory.swift */ = {isa = PBXFileReference; lastKnownFileType = sourcecode.swift; path = ViewControllerFactory.swift; sourceTree = "<group>"; };
		708905A42764A317000CEE4E /* LoginViewController.swift */ = {isa = PBXFileReference; lastKnownFileType = sourcecode.swift; path = LoginViewController.swift; sourceTree = "<group>"; };
		708FF39227A4456000151112 /* StoreKit.framework */ = {isa = PBXFileReference; lastKnownFileType = wrapper.framework; name = StoreKit.framework; path = System/Library/Frameworks/StoreKit.framework; sourceTree = SDKROOT; };
		7095718527888D1A00EB6EB3 /* Extensions.swift */ = {isa = PBXFileReference; lastKnownFileType = sourcecode.swift; path = Extensions.swift; sourceTree = "<group>"; };
		709638DF27649D2F000C152D /* BalanceViewController.swift */ = {isa = PBXFileReference; lastKnownFileType = sourcecode.swift; path = BalanceViewController.swift; sourceTree = "<group>"; };
		70B3335E2763DDC7002FAEB5 /* RegisterViewController.swift */ = {isa = PBXFileReference; lastKnownFileType = sourcecode.swift; path = RegisterViewController.swift; sourceTree = "<group>"; };
		70B333602763E5A2002FAEB5 /* GoogleService-Info.plist */ = {isa = PBXFileReference; fileEncoding = 4; lastKnownFileType = text.plist.xml; path = "GoogleService-Info.plist"; sourceTree = "<group>"; };
		70D37DEC27633FB40067FFE6 /* FinancialTracker.app */ = {isa = PBXFileReference; explicitFileType = wrapper.application; includeInIndex = 0; path = FinancialTracker.app; sourceTree = BUILT_PRODUCTS_DIR; };
		70D37DEF27633FB40067FFE6 /* AppDelegate.swift */ = {isa = PBXFileReference; lastKnownFileType = sourcecode.swift; path = AppDelegate.swift; sourceTree = "<group>"; };
		70D37DF127633FB40067FFE6 /* SceneDelegate.swift */ = {isa = PBXFileReference; lastKnownFileType = sourcecode.swift; path = SceneDelegate.swift; sourceTree = "<group>"; };
		70D37DF327633FB40067FFE6 /* EntryViewController.swift */ = {isa = PBXFileReference; lastKnownFileType = sourcecode.swift; path = EntryViewController.swift; sourceTree = "<group>"; };
		70D37DF627633FB40067FFE6 /* Base */ = {isa = PBXFileReference; lastKnownFileType = file.storyboard; name = Base; path = Base.lproj/Main.storyboard; sourceTree = "<group>"; };
		70D37DF827633FB50067FFE6 /* Assets.xcassets */ = {isa = PBXFileReference; lastKnownFileType = folder.assetcatalog; path = Assets.xcassets; sourceTree = "<group>"; };
		70D37DFB27633FB50067FFE6 /* Base */ = {isa = PBXFileReference; lastKnownFileType = file.storyboard; name = Base; path = Base.lproj/LaunchScreen.storyboard; sourceTree = "<group>"; };
		70D37DFD27633FB50067FFE6 /* Info.plist */ = {isa = PBXFileReference; lastKnownFileType = text.plist.xml; path = Info.plist; sourceTree = "<group>"; };
		70DA8521279C21FC002A7335 /* Currency.swift */ = {isa = PBXFileReference; lastKnownFileType = sourcecode.swift; path = Currency.swift; sourceTree = "<group>"; };
/* End PBXFileReference section */

/* Begin PBXFrameworksBuildPhase section */
		70D37DE927633FB40067FFE6 /* Frameworks */ = {
			isa = PBXFrameworksBuildPhase;
			buildActionMask = 2147483647;
			files = (
				7036707527A72386005388A5 /* FirebaseMessaging in Frameworks */,
				709638D827649777000C152D /* FirebaseDatabase in Frameworks */,
				709638DA27649777000C152D /* FirebaseFirestore in Frameworks */,
				7082B32D27B96D4E0083A169 /* FirebaseInstallations in Frameworks */,
				703DF427277F8F2100827FE8 /* Charts in Frameworks */,
				708FF39327A4456000151112 /* StoreKit.framework in Frameworks */,
				709638DC27649777000C152D /* FirebaseFunctions in Frameworks */,
				709638D627649777000C152D /* FirebaseAuth in Frameworks */,
				709638DE27649777000C152D /* FirebaseStorage in Frameworks */,
			);
			runOnlyForDeploymentPostprocessing = 0;
		};
/* End PBXFrameworksBuildPhase section */

/* Begin PBXGroup section */
		7014A77E27AC1F6200E6A2DB /* Models */ = {
			isa = PBXGroup;
			children = (
				70DA8521279C21FC002A7335 /* Currency.swift */,
				7014A77F27AC1F8A00E6A2DB /* User.swift */,
				7014A78527AC207100E6A2DB /* Transaction.swift */,
				705E8D3C27B3F013004F7395 /* Category.swift */,
				705E7E5A27BCFC7000FEA650 /* Reminder.swift */,
			);
			path = Models;
			sourceTree = "<group>";
		};
		70580548276892FD009515BE /* Cutsom UI */ = {
			isa = PBXGroup;
			children = (
				70580549276893E4009515BE /* DesignableUITextField.swift */,
			);
			path = "Cutsom UI";
			sourceTree = "<group>";
		};
		705E7E5C27BD9A9B00FEA650 /* Firebase */ = {
			isa = PBXGroup;
			children = (
				707F854027AED1410053555B /* AuthManager.swift */,
				707F854227AED2010053555B /* DatabaseManager.swift */,
			);
			path = Firebase;
			sourceTree = "<group>";
		};
		707C5DD5276D16B30097A522 /* Helpers */ = {
			isa = PBXGroup;
			children = (
				70835D9F277E438A0087C3D9 /* ViewControllerFactory.swift */,
				7095718527888D1A00EB6EB3 /* Extensions.swift */,
				7068D90B278896B300DFA3B3 /* Utilities.swift */,
				707F853C27AD55740053555B /* DelegatesCollection.swift */,
				7082B32E27B97A9D0083A169 /* PushNotificationSender.swift */,
			);
			path = Helpers;
			sourceTree = "<group>";
		};
		708FF39127A4456000151112 /* Frameworks */ = {
			isa = PBXGroup;
			children = (
				708FF39227A4456000151112 /* StoreKit.framework */,
			);
			name = Frameworks;
			sourceTree = "<group>";
		};
		70D0D6CA2766227600ED0060 /* ViewControllers */ = {
			isa = PBXGroup;
			children = (
				70D37DF327633FB40067FFE6 /* EntryViewController.swift */,
				708905A42764A317000CEE4E /* LoginViewController.swift */,
				70B3335E2763DDC7002FAEB5 /* RegisterViewController.swift */,
				709638DF27649D2F000C152D /* BalanceViewController.swift */,
				7076B1EC277CB1DD005C83F9 /* HomeViewController.swift */,
				7076B1EE277CD92A005C83F9 /* TransactionViewController.swift */,
				705B3DB1279869D50059D832 /* ProfileViewController.swift */,
				70607F6F279D65DB005ED7F7 /* CurrencyTableViewController.swift */,
				70607F7127A1EB80005ED7F7 /* PremiumViewController.swift */,
				70607F7427A2D576005ED7F7 /* TabBarController.swift */,
				707C813027BA799E00A6CF0B /* Request+SendViewController.swift */,
				705E7E5827BCFA8100FEA650 /* RemindersTableViewController.swift */,
			);
			path = ViewControllers;
			sourceTree = "<group>";
		};
		70D37DE327633FB40067FFE6 = {
			isa = PBXGroup;
			children = (
				70D37DEE27633FB40067FFE6 /* FinancialTracker */,
				70D37DED27633FB40067FFE6 /* Products */,
				708FF39127A4456000151112 /* Frameworks */,
			);
			sourceTree = "<group>";
		};
		70D37DED27633FB40067FFE6 /* Products */ = {
			isa = PBXGroup;
			children = (
				70D37DEC27633FB40067FFE6 /* FinancialTracker.app */,
			);
			name = Products;
			sourceTree = "<group>";
		};
		70D37DEE27633FB40067FFE6 /* FinancialTracker */ = {
			isa = PBXGroup;
			children = (
				707C5DD5276D16B30097A522 /* Helpers */,
				70580548276892FD009515BE /* Cutsom UI */,
				70D0D6CA2766227600ED0060 /* ViewControllers */,
				7014A77E27AC1F6200E6A2DB /* Models */,
				705E7E5C27BD9A9B00FEA650 /* Firebase */,
				70D37DEF27633FB40067FFE6 /* AppDelegate.swift */,
				70D37DF127633FB40067FFE6 /* SceneDelegate.swift */,
				70D37DF527633FB40067FFE6 /* Main.storyboard */,
				70D37DF827633FB50067FFE6 /* Assets.xcassets */,
				70D37DFA27633FB50067FFE6 /* LaunchScreen.storyboard */,
				70D37DFD27633FB50067FFE6 /* Info.plist */,
				70B333602763E5A2002FAEB5 /* GoogleService-Info.plist */,
				7036707627A7267E005388A5 /* FinancialTracker.entitlements */,
			);
			path = FinancialTracker;
			sourceTree = "<group>";
		};
/* End PBXGroup section */

/* Begin PBXNativeTarget section */
		70D37DEB27633FB40067FFE6 /* FinancialTracker */ = {
			isa = PBXNativeTarget;
			buildConfigurationList = 70D37E0027633FB50067FFE6 /* Build configuration list for PBXNativeTarget "FinancialTracker" */;
			buildPhases = (
				708E2227276E4A2A00A63FD3 /* Swift Lint */,
				70D37DE827633FB40067FFE6 /* Sources */,
				70D37DE927633FB40067FFE6 /* Frameworks */,
				70D37DEA27633FB40067FFE6 /* Resources */,
			);
			buildRules = (
			);
			dependencies = (
			);
			name = FinancialTracker;
			packageProductDependencies = (
				709638D527649777000C152D /* FirebaseAuth */,
				709638D727649777000C152D /* FirebaseDatabase */,
				709638D927649777000C152D /* FirebaseFirestore */,
				709638DB27649777000C152D /* FirebaseFunctions */,
				709638DD27649777000C152D /* FirebaseStorage */,
				703DF426277F8F2100827FE8 /* Charts */,
				7036707427A72386005388A5 /* FirebaseMessaging */,
				7082B32C27B96D4E0083A169 /* FirebaseInstallations */,
			);
			productName = FinancialTracker;
			productReference = 70D37DEC27633FB40067FFE6 /* FinancialTracker.app */;
			productType = "com.apple.product-type.application";
		};
/* End PBXNativeTarget section */

/* Begin PBXProject section */
		70D37DE427633FB40067FFE6 /* Project object */ = {
			isa = PBXProject;
			attributes = {
				BuildIndependentTargetsInParallel = 1;
				LastSwiftUpdateCheck = 1310;
				LastUpgradeCheck = 1310;
				TargetAttributes = {
					70D37DEB27633FB40067FFE6 = {
						CreatedOnToolsVersion = 13.1;
					};
				};
			};
			buildConfigurationList = 70D37DE727633FB40067FFE6 /* Build configuration list for PBXProject "FinancialTracker" */;
			compatibilityVersion = "Xcode 13.0";
			developmentRegion = en;
			hasScannedForEncodings = 0;
			knownRegions = (
				en,
				Base,
			);
			mainGroup = 70D37DE327633FB40067FFE6;
			packageReferences = (
				709638D227649777000C152D /* XCRemoteSwiftPackageReference "firebase-ios-sdk" */,
				703DF425277F8F2100827FE8 /* XCRemoteSwiftPackageReference "Charts" */,
			);
			productRefGroup = 70D37DED27633FB40067FFE6 /* Products */;
			projectDirPath = "";
			projectRoot = "";
			targets = (
				70D37DEB27633FB40067FFE6 /* FinancialTracker */,
			);
		};
/* End PBXProject section */

/* Begin PBXResourcesBuildPhase section */
		70D37DEA27633FB40067FFE6 /* Resources */ = {
			isa = PBXResourcesBuildPhase;
			buildActionMask = 2147483647;
			files = (
				70D37DFC27633FB50067FFE6 /* LaunchScreen.storyboard in Resources */,
				70B333612763E5A3002FAEB5 /* GoogleService-Info.plist in Resources */,
				70D37DF927633FB50067FFE6 /* Assets.xcassets in Resources */,
				70D37DF727633FB40067FFE6 /* Main.storyboard in Resources */,
			);
			runOnlyForDeploymentPostprocessing = 0;
		};
/* End PBXResourcesBuildPhase section */

/* Begin PBXShellScriptBuildPhase section */
		708E2227276E4A2A00A63FD3 /* Swift Lint */ = {
			isa = PBXShellScriptBuildPhase;
			buildActionMask = 2147483647;
			files = (
			);
			inputFileListPaths = (
			);
			inputPaths = (
			);
			name = "Swift Lint";
			outputFileListPaths = (
			);
			outputPaths = (
			);
			runOnlyForDeploymentPostprocessing = 0;
			shellPath = /bin/sh;
			shellScript = "if which swiftlint >/dev/null; then\n  swiftlint\nelse\n  echo \"warning: SwiftLint not installed, download from https://github.com/realm/SwiftLint\"\nfi\n";
		};
/* End PBXShellScriptBuildPhase section */

/* Begin PBXSourcesBuildPhase section */
		70D37DE827633FB40067FFE6 /* Sources */ = {
			isa = PBXSourcesBuildPhase;
			buildActionMask = 2147483647;
			files = (
				705E8D3D27B3F013004F7395 /* Category.swift in Sources */,
				7076B1EF277CD92A005C83F9 /* TransactionViewController.swift in Sources */,
				70B3335F2763DDC7002FAEB5 /* RegisterViewController.swift in Sources */,
				70607F7227A1EB80005ED7F7 /* PremiumViewController.swift in Sources */,
				70607F7527A2D576005ED7F7 /* TabBarController.swift in Sources */,
				7014A78627AC207100E6A2DB /* Transaction.swift in Sources */,
				707F854327AED2010053555B /* DatabaseManager.swift in Sources */,
				7082B32F27B97A9D0083A169 /* PushNotificationSender.swift in Sources */,
				708905A52764A317000CEE4E /* LoginViewController.swift in Sources */,
				707F854127AED1410053555B /* AuthManager.swift in Sources */,
				705B3DB2279869D50059D832 /* ProfileViewController.swift in Sources */,
				7068D90C278896B300DFA3B3 /* Utilities.swift in Sources */,
				70DA8522279C21FC002A7335 /* Currency.swift in Sources */,
				705E7E5927BCFA8100FEA650 /* RemindersTableViewController.swift in Sources */,
				707F853D27AD55740053555B /* DelegatesCollection.swift in Sources */,
				705E7E5B27BCFC7000FEA650 /* Reminder.swift in Sources */,
				70D37DF427633FB40067FFE6 /* EntryViewController.swift in Sources */,
				707C813127BA799E00A6CF0B /* Request+SendViewController.swift in Sources */,
				709638E027649D2F000C152D /* BalanceViewController.swift in Sources */,
				7076B1ED277CB1DD005C83F9 /* HomeViewController.swift in Sources */,
				70607F70279D65DB005ED7F7 /* CurrencyTableViewController.swift in Sources */,
				7058054A276893E4009515BE /* DesignableUITextField.swift in Sources */,
				7095718627888D1A00EB6EB3 /* Extensions.swift in Sources */,
				70D37DF027633FB40067FFE6 /* AppDelegate.swift in Sources */,
				70835DA0277E438A0087C3D9 /* ViewControllerFactory.swift in Sources */,
				70D37DF227633FB40067FFE6 /* SceneDelegate.swift in Sources */,
				7014A78027AC1F8B00E6A2DB /* User.swift in Sources */,
			);
			runOnlyForDeploymentPostprocessing = 0;
		};
/* End PBXSourcesBuildPhase section */

/* Begin PBXVariantGroup section */
		70D37DF527633FB40067FFE6 /* Main.storyboard */ = {
			isa = PBXVariantGroup;
			children = (
				70D37DF627633FB40067FFE6 /* Base */,
			);
			name = Main.storyboard;
			sourceTree = "<group>";
		};
		70D37DFA27633FB50067FFE6 /* LaunchScreen.storyboard */ = {
			isa = PBXVariantGroup;
			children = (
				70D37DFB27633FB50067FFE6 /* Base */,
			);
			name = LaunchScreen.storyboard;
			sourceTree = "<group>";
		};
/* End PBXVariantGroup section */

/* Begin XCBuildConfiguration section */
		70D37DFE27633FB50067FFE6 /* Debug */ = {
			isa = XCBuildConfiguration;
			buildSettings = {
				ALWAYS_SEARCH_USER_PATHS = NO;
				CLANG_ANALYZER_NONNULL = YES;
				CLANG_ANALYZER_NUMBER_OBJECT_CONVERSION = YES_AGGRESSIVE;
				CLANG_CXX_LANGUAGE_STANDARD = "gnu++17";
				CLANG_CXX_LIBRARY = "libc++";
				CLANG_ENABLE_MODULES = YES;
				CLANG_ENABLE_OBJC_ARC = YES;
				CLANG_ENABLE_OBJC_WEAK = YES;
				CLANG_WARN_BLOCK_CAPTURE_AUTORELEASING = YES;
				CLANG_WARN_BOOL_CONVERSION = YES;
				CLANG_WARN_COMMA = YES;
				CLANG_WARN_CONSTANT_CONVERSION = YES;
				CLANG_WARN_DEPRECATED_OBJC_IMPLEMENTATIONS = YES;
				CLANG_WARN_DIRECT_OBJC_ISA_USAGE = YES_ERROR;
				CLANG_WARN_DOCUMENTATION_COMMENTS = YES;
				CLANG_WARN_EMPTY_BODY = YES;
				CLANG_WARN_ENUM_CONVERSION = YES;
				CLANG_WARN_INFINITE_RECURSION = YES;
				CLANG_WARN_INT_CONVERSION = YES;
				CLANG_WARN_NON_LITERAL_NULL_CONVERSION = YES;
				CLANG_WARN_OBJC_IMPLICIT_RETAIN_SELF = YES;
				CLANG_WARN_OBJC_LITERAL_CONVERSION = YES;
				CLANG_WARN_OBJC_ROOT_CLASS = YES_ERROR;
				CLANG_WARN_QUOTED_INCLUDE_IN_FRAMEWORK_HEADER = YES;
				CLANG_WARN_RANGE_LOOP_ANALYSIS = YES;
				CLANG_WARN_STRICT_PROTOTYPES = YES;
				CLANG_WARN_SUSPICIOUS_MOVE = YES;
				CLANG_WARN_UNGUARDED_AVAILABILITY = YES_AGGRESSIVE;
				CLANG_WARN_UNREACHABLE_CODE = YES;
				CLANG_WARN__DUPLICATE_METHOD_MATCH = YES;
				COPY_PHASE_STRIP = NO;
				DEBUG_INFORMATION_FORMAT = dwarf;
				ENABLE_STRICT_OBJC_MSGSEND = YES;
				ENABLE_TESTABILITY = YES;
				GCC_C_LANGUAGE_STANDARD = gnu11;
				GCC_DYNAMIC_NO_PIC = NO;
				GCC_NO_COMMON_BLOCKS = YES;
				GCC_OPTIMIZATION_LEVEL = 0;
				GCC_PREPROCESSOR_DEFINITIONS = (
					"DEBUG=1",
					"$(inherited)",
				);
				GCC_WARN_64_TO_32_BIT_CONVERSION = YES;
				GCC_WARN_ABOUT_RETURN_TYPE = YES_ERROR;
				GCC_WARN_UNDECLARED_SELECTOR = YES;
				GCC_WARN_UNINITIALIZED_AUTOS = YES_AGGRESSIVE;
				GCC_WARN_UNUSED_FUNCTION = YES;
				GCC_WARN_UNUSED_VARIABLE = YES;
				IPHONEOS_DEPLOYMENT_TARGET = 15.0;
				MTL_ENABLE_DEBUG_INFO = INCLUDE_SOURCE;
				MTL_FAST_MATH = YES;
				ONLY_ACTIVE_ARCH = YES;
				SDKROOT = iphoneos;
				SWIFT_ACTIVE_COMPILATION_CONDITIONS = DEBUG;
				SWIFT_OPTIMIZATION_LEVEL = "-Onone";
			};
			name = Debug;
		};
		70D37DFF27633FB50067FFE6 /* Release */ = {
			isa = XCBuildConfiguration;
			buildSettings = {
				ALWAYS_SEARCH_USER_PATHS = NO;
				CLANG_ANALYZER_NONNULL = YES;
				CLANG_ANALYZER_NUMBER_OBJECT_CONVERSION = YES_AGGRESSIVE;
				CLANG_CXX_LANGUAGE_STANDARD = "gnu++17";
				CLANG_CXX_LIBRARY = "libc++";
				CLANG_ENABLE_MODULES = YES;
				CLANG_ENABLE_OBJC_ARC = YES;
				CLANG_ENABLE_OBJC_WEAK = YES;
				CLANG_WARN_BLOCK_CAPTURE_AUTORELEASING = YES;
				CLANG_WARN_BOOL_CONVERSION = YES;
				CLANG_WARN_COMMA = YES;
				CLANG_WARN_CONSTANT_CONVERSION = YES;
				CLANG_WARN_DEPRECATED_OBJC_IMPLEMENTATIONS = YES;
				CLANG_WARN_DIRECT_OBJC_ISA_USAGE = YES_ERROR;
				CLANG_WARN_DOCUMENTATION_COMMENTS = YES;
				CLANG_WARN_EMPTY_BODY = YES;
				CLANG_WARN_ENUM_CONVERSION = YES;
				CLANG_WARN_INFINITE_RECURSION = YES;
				CLANG_WARN_INT_CONVERSION = YES;
				CLANG_WARN_NON_LITERAL_NULL_CONVERSION = YES;
				CLANG_WARN_OBJC_IMPLICIT_RETAIN_SELF = YES;
				CLANG_WARN_OBJC_LITERAL_CONVERSION = YES;
				CLANG_WARN_OBJC_ROOT_CLASS = YES_ERROR;
				CLANG_WARN_QUOTED_INCLUDE_IN_FRAMEWORK_HEADER = YES;
				CLANG_WARN_RANGE_LOOP_ANALYSIS = YES;
				CLANG_WARN_STRICT_PROTOTYPES = YES;
				CLANG_WARN_SUSPICIOUS_MOVE = YES;
				CLANG_WARN_UNGUARDED_AVAILABILITY = YES_AGGRESSIVE;
				CLANG_WARN_UNREACHABLE_CODE = YES;
				CLANG_WARN__DUPLICATE_METHOD_MATCH = YES;
				COPY_PHASE_STRIP = NO;
				DEBUG_INFORMATION_FORMAT = "dwarf-with-dsym";
				ENABLE_NS_ASSERTIONS = NO;
				ENABLE_STRICT_OBJC_MSGSEND = YES;
				GCC_C_LANGUAGE_STANDARD = gnu11;
				GCC_NO_COMMON_BLOCKS = YES;
				GCC_WARN_64_TO_32_BIT_CONVERSION = YES;
				GCC_WARN_ABOUT_RETURN_TYPE = YES_ERROR;
				GCC_WARN_UNDECLARED_SELECTOR = YES;
				GCC_WARN_UNINITIALIZED_AUTOS = YES_AGGRESSIVE;
				GCC_WARN_UNUSED_FUNCTION = YES;
				GCC_WARN_UNUSED_VARIABLE = YES;
				IPHONEOS_DEPLOYMENT_TARGET = 15.0;
				MTL_ENABLE_DEBUG_INFO = NO;
				MTL_FAST_MATH = YES;
				SDKROOT = iphoneos;
				SWIFT_COMPILATION_MODE = wholemodule;
				SWIFT_OPTIMIZATION_LEVEL = "-O";
				VALIDATE_PRODUCT = YES;
			};
			name = Release;
		};
		70D37E0127633FB50067FFE6 /* Debug */ = {
			isa = XCBuildConfiguration;
			buildSettings = {
				ASSETCATALOG_COMPILER_APPICON_NAME = AppIcon;
				ASSETCATALOG_COMPILER_GLOBAL_ACCENT_COLOR_NAME = AccentColor;
				CODE_SIGN_ENTITLEMENTS = FinancialTracker/FinancialTracker.entitlements;
				CODE_SIGN_STYLE = Automatic;
				CURRENT_PROJECT_VERSION = 1;
				DEVELOPMENT_TEAM = 6E38FUWW9U;
				GENERATE_INFOPLIST_FILE = YES;
				INFOPLIST_FILE = FinancialTracker/Info.plist;
				INFOPLIST_KEY_UIApplicationSupportsIndirectInputEvents = YES;
				INFOPLIST_KEY_UILaunchStoryboardName = LaunchScreen;
				INFOPLIST_KEY_UIMainStoryboardFile = Main;
				INFOPLIST_KEY_UISupportedInterfaceOrientations_iPad = "UIInterfaceOrientationPortrait UIInterfaceOrientationPortraitUpsideDown UIInterfaceOrientationLandscapeLeft UIInterfaceOrientationLandscapeRight";
				INFOPLIST_KEY_UISupportedInterfaceOrientations_iPhone = "UIInterfaceOrientationPortrait UIInterfaceOrientationLandscapeLeft UIInterfaceOrientationLandscapeRight";
				LD_RUNPATH_SEARCH_PATHS = (
					"$(inherited)",
					"@executable_path/Frameworks",
				);
				MARKETING_VERSION = 1.0;
				PRODUCT_BUNDLE_IDENTIFIER = org.elsys.FinancialTracker;
				PRODUCT_NAME = "$(TARGET_NAME)";
				SWIFT_EMIT_LOC_STRINGS = YES;
				SWIFT_VERSION = 5.0;
				TARGETED_DEVICE_FAMILY = "1,2";
			};
			name = Debug;
		};
		70D37E0227633FB50067FFE6 /* Release */ = {
			isa = XCBuildConfiguration;
			buildSettings = {
				ASSETCATALOG_COMPILER_APPICON_NAME = AppIcon;
				ASSETCATALOG_COMPILER_GLOBAL_ACCENT_COLOR_NAME = AccentColor;
				CODE_SIGN_ENTITLEMENTS = FinancialTracker/FinancialTracker.entitlements;
				CODE_SIGN_STYLE = Automatic;
				CURRENT_PROJECT_VERSION = 1;
				DEVELOPMENT_TEAM = 6E38FUWW9U;
				GENERATE_INFOPLIST_FILE = YES;
				INFOPLIST_FILE = FinancialTracker/Info.plist;
				INFOPLIST_KEY_UIApplicationSupportsIndirectInputEvents = YES;
				INFOPLIST_KEY_UILaunchStoryboardName = LaunchScreen;
				INFOPLIST_KEY_UIMainStoryboardFile = Main;
				INFOPLIST_KEY_UISupportedInterfaceOrientations_iPad = "UIInterfaceOrientationPortrait UIInterfaceOrientationPortraitUpsideDown UIInterfaceOrientationLandscapeLeft UIInterfaceOrientationLandscapeRight";
				INFOPLIST_KEY_UISupportedInterfaceOrientations_iPhone = "UIInterfaceOrientationPortrait UIInterfaceOrientationLandscapeLeft UIInterfaceOrientationLandscapeRight";
				LD_RUNPATH_SEARCH_PATHS = (
					"$(inherited)",
					"@executable_path/Frameworks",
				);
				MARKETING_VERSION = 1.0;
				PRODUCT_BUNDLE_IDENTIFIER = org.elsys.FinancialTracker;
				PRODUCT_NAME = "$(TARGET_NAME)";
				SWIFT_EMIT_LOC_STRINGS = YES;
				SWIFT_VERSION = 5.0;
				TARGETED_DEVICE_FAMILY = "1,2";
			};
			name = Release;
		};
/* End XCBuildConfiguration section */

/* Begin XCConfigurationList section */
		70D37DE727633FB40067FFE6 /* Build configuration list for PBXProject "FinancialTracker" */ = {
			isa = XCConfigurationList;
			buildConfigurations = (
				70D37DFE27633FB50067FFE6 /* Debug */,
				70D37DFF27633FB50067FFE6 /* Release */,
			);
			defaultConfigurationIsVisible = 0;
			defaultConfigurationName = Release;
		};
		70D37E0027633FB50067FFE6 /* Build configuration list for PBXNativeTarget "FinancialTracker" */ = {
			isa = XCConfigurationList;
			buildConfigurations = (
				70D37E0127633FB50067FFE6 /* Debug */,
				70D37E0227633FB50067FFE6 /* Release */,
			);
			defaultConfigurationIsVisible = 0;
			defaultConfigurationName = Release;
		};
/* End XCConfigurationList section */

/* Begin XCRemoteSwiftPackageReference section */
		703DF425277F8F2100827FE8 /* XCRemoteSwiftPackageReference "Charts" */ = {
			isa = XCRemoteSwiftPackageReference;
			repositoryURL = "https://github.com/danielgindi/Charts";
			requirement = {
				branch = master;
				kind = branch;
			};
		};
		709638D227649777000C152D /* XCRemoteSwiftPackageReference "firebase-ios-sdk" */ = {
			isa = XCRemoteSwiftPackageReference;
			repositoryURL = "https://github.com/firebase/firebase-ios-sdk";
			requirement = {
				branch = master;
				kind = branch;
			};
		};
/* End XCRemoteSwiftPackageReference section */

/* Begin XCSwiftPackageProductDependency section */
		7036707427A72386005388A5 /* FirebaseMessaging */ = {
			isa = XCSwiftPackageProductDependency;
			package = 709638D227649777000C152D /* XCRemoteSwiftPackageReference "firebase-ios-sdk" */;
			productName = FirebaseMessaging;
		};
		703DF426277F8F2100827FE8 /* Charts */ = {
			isa = XCSwiftPackageProductDependency;
			package = 703DF425277F8F2100827FE8 /* XCRemoteSwiftPackageReference "Charts" */;
			productName = Charts;
		};
		7082B32C27B96D4E0083A169 /* FirebaseInstallations */ = {
			isa = XCSwiftPackageProductDependency;
			package = 709638D227649777000C152D /* XCRemoteSwiftPackageReference "firebase-ios-sdk" */;
			productName = FirebaseInstallations;
		};
		709638D527649777000C152D /* FirebaseAuth */ = {
			isa = XCSwiftPackageProductDependency;
			package = 709638D227649777000C152D /* XCRemoteSwiftPackageReference "firebase-ios-sdk" */;
			productName = FirebaseAuth;
		};
		709638D727649777000C152D /* FirebaseDatabase */ = {
			isa = XCSwiftPackageProductDependency;
			package = 709638D227649777000C152D /* XCRemoteSwiftPackageReference "firebase-ios-sdk" */;
			productName = FirebaseDatabase;
		};
		709638D927649777000C152D /* FirebaseFirestore */ = {
			isa = XCSwiftPackageProductDependency;
			package = 709638D227649777000C152D /* XCRemoteSwiftPackageReference "firebase-ios-sdk" */;
			productName = FirebaseFirestore;
		};
		709638DB27649777000C152D /* FirebaseFunctions */ = {
			isa = XCSwiftPackageProductDependency;
			package = 709638D227649777000C152D /* XCRemoteSwiftPackageReference "firebase-ios-sdk" */;
			productName = FirebaseFunctions;
		};
		709638DD27649777000C152D /* FirebaseStorage */ = {
			isa = XCSwiftPackageProductDependency;
			package = 709638D227649777000C152D /* XCRemoteSwiftPackageReference "firebase-ios-sdk" */;
			productName = FirebaseStorage;
		};
/* End XCSwiftPackageProductDependency section */
	};
	rootObject = 70D37DE427633FB40067FFE6 /* Project object */;
}
